{
  "name": "cc2145a2fe1558fa",
  "lockfileVersion": 3,
  "requires": true,
  "packages": {
    "": {
      "dependencies": {
        "create-next-app": "^15.1.0"
      }
    },
    "node_modules/create-next-app": {
      "version": "15.1.0",
      "resolved": "https://registry.npmjs.org/create-next-app/-/create-next-app-15.1.0.tgz",
      "integrity": "sha512-7joeLXiWq3idFLsHYTRwATtutmWHWmL38xNxnpkX+U8FFMuY1QtgmU8S7G/ZLlx7t07k9HWZ8g8Lf0njRhcvYA==",
      "license": "MIT",
      "bin": {
        "create-next-app": "dist/index.js"
      },
      "engines": {
        "node": ">=18.18.0"
      }
    }
  }
}
